
Microsoft Visual Studio Solution File, Format Version 12.00
# Visual Studio Version 17
VisualStudioVersion = 17.11.35312.102
MinimumVisualStudioVersion = 10.0.40219.1
Project("{9A19103F-16F7-4668-BE54-9A1E7A4F7556}") = "Clinic_Patient_Management_System", "Clinic_Patient_Management_System.csproj", "{DA785B65-9823-4297-93DC-D1FD74FC60DA}"
EndProject
Global
	GlobalSection(SolutionConfigurationPlatforms) = preSolution
		Debug|Any CPU = Debug|Any CPU
		Release|Any CPU = Release|Any CPU
	EndGlobalSection
	GlobalSection(ProjectConfigurationPlatforms) = postSolution
		{DA785B65-9823-4297-93DC-D1FD74FC60DA}.Debug|Any CPU.ActiveCfg = Debug|Any CPU
		{DA785B65-9823-4297-93DC-D1FD74FC60DA}.Debug|Any CPU.Build.0 = Debug|Any CPU
		{DA785B65-9823-4297-93DC-D1FD74FC60DA}.Release|Any CPU.ActiveCfg = Release|Any CPU
		{DA785B65-9823-4297-93DC-D1FD74FC60DA}.Release|Any CPU.Build.0 = Release|Any CPU
	EndGlobalSection
	GlobalSection(SolutionProperties) = preSolution
		HideSolutionNode = FALSE
	EndGlobalSection
	GlobalSection(ExtensibilityGlobals) = postSolution
		SolutionGuid = {991FD6F7-4ADA-460E-9011-AAD62AA6E767}
	EndGlobalSection
EndGlobal
